// !$*UTF8*$!
{
	archiveVersion = 1;
	classes = {
	};
	objectVersion = 51;
	objects = {

/* Begin PBXBuildFile section */
		5518780403C4184DA7480B1E /* Pods_selfcareTests.framework in Frameworks */ = {isa = PBXBuildFile; fileRef = 3515E18FEADDA2D9761E4FF5 /* Pods_selfcareTests.framework */; };
		6C2AC72E3B41B10BA4D79F2E /* Pods_selfcare.framework in Frameworks */ = {isa = PBXBuildFile; fileRef = AFBD825A91F35FBA52D84D96 /* Pods_selfcare.framework */; };
		7F8451FC2861F3F3AB4FD7FF /* Pods_selfcare_selfcareUITests.framework in Frameworks */ = {isa = PBXBuildFile; fileRef = 6D8422522815C66EB5820CDA /* Pods_selfcare_selfcareUITests.framework */; };
		EC0AD99F255B4F9300EC1686 /* OnboardingView.xib in Resources */ = {isa = PBXBuildFile; fileRef = EC0AD99E255B4F9300EC1686 /* OnboardingView.xib */; };
		EC0AD9B6255B502800EC1686 /* NexaLight.otf in Resources */ = {isa = PBXBuildFile; fileRef = EC0AD9A4255B502800EC1686 /* NexaLight.otf */; };
		EC0AD9B7255B502800EC1686 /* Nexa Bold.otf in Resources */ = {isa = PBXBuildFile; fileRef = EC0AD9A5255B502800EC1686 /* Nexa Bold.otf */; };
		EC0AD9B8255B502800EC1686 /* NexaBookItalic.otf in Resources */ = {isa = PBXBuildFile; fileRef = EC0AD9A6255B502800EC1686 /* NexaBookItalic.otf */; };
		EC0AD9B9255B502800EC1686 /* NexaRegularItalic.otf in Resources */ = {isa = PBXBuildFile; fileRef = EC0AD9A7255B502800EC1686 /* NexaRegularItalic.otf */; };
		EC0AD9BA255B502800EC1686 /* NexaHeavyItalic.otf in Resources */ = {isa = PBXBuildFile; fileRef = EC0AD9A8255B502800EC1686 /* NexaHeavyItalic.otf */; };
		EC0AD9BB255B502800EC1686 /* NexaHeavy.otf in Resources */ = {isa = PBXBuildFile; fileRef = EC0AD9A9255B502800EC1686 /* NexaHeavy.otf */; };
		EC0AD9BC255B502800EC1686 /* Nexa Light.otf in Resources */ = {isa = PBXBuildFile; fileRef = EC0AD9AA255B502800EC1686 /* Nexa Light.otf */; };
		EC0AD9BD255B502800EC1686 /* NexaThinItalic.otf in Resources */ = {isa = PBXBuildFile; fileRef = EC0AD9AB255B502800EC1686 /* NexaThinItalic.otf */; };
		EC0AD9BE255B502800EC1686 /* NexaBold.otf in Resources */ = {isa = PBXBuildFile; fileRef = EC0AD9AC255B502800EC1686 /* NexaBold.otf */; };
		EC0AD9BF255B502800EC1686 /* NexaLightItalic.otf in Resources */ = {isa = PBXBuildFile; fileRef = EC0AD9AD255B502800EC1686 /* NexaLightItalic.otf */; };
		EC0AD9C0255B502800EC1686 /* NexaRegular.otf in Resources */ = {isa = PBXBuildFile; fileRef = EC0AD9AE255B502800EC1686 /* NexaRegular.otf */; };
		EC0AD9C1255B502800EC1686 /* NexaThin.otf in Resources */ = {isa = PBXBuildFile; fileRef = EC0AD9AF255B502800EC1686 /* NexaThin.otf */; };
		EC0AD9C2255B502800EC1686 /* NexaBlackItalic.otf in Resources */ = {isa = PBXBuildFile; fileRef = EC0AD9B0255B502800EC1686 /* NexaBlackItalic.otf */; };
		EC0AD9C3255B502800EC1686 /* NexaBoldItalic.otf in Resources */ = {isa = PBXBuildFile; fileRef = EC0AD9B1255B502800EC1686 /* NexaBoldItalic.otf */; };
		EC0AD9C4255B502800EC1686 /* NexaXBoldItalic.otf in Resources */ = {isa = PBXBuildFile; fileRef = EC0AD9B2255B502800EC1686 /* NexaXBoldItalic.otf */; };
		EC0AD9C5255B502800EC1686 /* NexaXBold.otf in Resources */ = {isa = PBXBuildFile; fileRef = EC0AD9B3255B502800EC1686 /* NexaXBold.otf */; };
		EC0AD9C6255B502800EC1686 /* NexaBlack.otf in Resources */ = {isa = PBXBuildFile; fileRef = EC0AD9B4255B502800EC1686 /* NexaBlack.otf */; };
		EC0AD9C7255B502800EC1686 /* NexaBook.otf in Resources */ = {isa = PBXBuildFile; fileRef = EC0AD9B5255B502800EC1686 /* NexaBook.otf */; };
		EC0AD9D2255B61FE00EC1686 /* LoginViewController.swift in Sources */ = {isa = PBXBuildFile; fileRef = EC0AD9D1255B61FE00EC1686 /* LoginViewController.swift */; };
		EC0AD9D7255B629200EC1686 /* LoginView.xib in Resources */ = {isa = PBXBuildFile; fileRef = EC0AD9D6255B629200EC1686 /* LoginView.xib */; };
		EC101495256339E5003A68B8 /* hideKeyboardWhenTappedAround.swift in Sources */ = {isa = PBXBuildFile; fileRef = EC101494256339E5003A68B8 /* hideKeyboardWhenTappedAround.swift */; };
		EC32D7AB2567315C003E0437 /* HomeView.xib in Resources */ = {isa = PBXBuildFile; fileRef = EC32D7AA2567315C003E0437 /* HomeView.xib */; };
		EC32D7B1256731AB003E0437 /* MenuViewController.swift in Sources */ = {isa = PBXBuildFile; fileRef = EC32D7B0256731AB003E0437 /* MenuViewController.swift */; };
		EC32D7B6256731F6003E0437 /* MenuView.xib in Resources */ = {isa = PBXBuildFile; fileRef = EC32D7B5256731F6003E0437 /* MenuView.xib */; };
		EC32D7BB2567327E003E0437 /* loadXIB.swift in Sources */ = {isa = PBXBuildFile; fileRef = EC32D7BA2567327E003E0437 /* loadXIB.swift */; };
		EC9CBAA02550F17700D8C4CF /* AppDelegate.swift in Sources */ = {isa = PBXBuildFile; fileRef = EC9CBA9F2550F17700D8C4CF /* AppDelegate.swift */; };
		EC9CBAA22550F17700D8C4CF /* SceneDelegate.swift in Sources */ = {isa = PBXBuildFile; fileRef = EC9CBAA12550F17700D8C4CF /* SceneDelegate.swift */; };
		EC9CBAA42550F17700D8C4CF /* OnboardingViewController.swift in Sources */ = {isa = PBXBuildFile; fileRef = EC9CBAA32550F17700D8C4CF /* OnboardingViewController.swift */; };
		EC9CBAA92550F17800D8C4CF /* Assets.xcassets in Resources */ = {isa = PBXBuildFile; fileRef = EC9CBAA82550F17800D8C4CF /* Assets.xcassets */; };
		EC9CBAAC2550F17800D8C4CF /* LaunchScreen.storyboard in Resources */ = {isa = PBXBuildFile; fileRef = EC9CBAAA2550F17800D8C4CF /* LaunchScreen.storyboard */; };
		EC9CBAB72550F17800D8C4CF /* selfcareTests.swift in Sources */ = {isa = PBXBuildFile; fileRef = EC9CBAB62550F17800D8C4CF /* selfcareTests.swift */; };
		EC9CBAC22550F17800D8C4CF /* selfcareUITests.swift in Sources */ = {isa = PBXBuildFile; fileRef = EC9CBAC12550F17800D8C4CF /* selfcareUITests.swift */; };
		EC9E0EBE255DF2F200A19D96 /* RegistrationView.xib in Resources */ = {isa = PBXBuildFile; fileRef = EC9E0EBD255DF2F200A19D96 /* RegistrationView.xib */; };
		EC9E0EC3255DF2FC00A19D96 /* RegistrationViewController.swift in Sources */ = {isa = PBXBuildFile; fileRef = EC9E0EC2255DF2FC00A19D96 /* RegistrationViewController.swift */; };
		ECB5409925632536003CCDA5 /* GoogleService-Info.plist in Resources */ = {isa = PBXBuildFile; fileRef = ECB5409825632536003CCDA5 /* GoogleService-Info.plist */; };
		ECF23C802561ECEA00022D1E /* HomeViewController.swift in Sources */ = {isa = PBXBuildFile; fileRef = ECF23C7F2561ECEA00022D1E /* HomeViewController.swift */; };
/* End PBXBuildFile section */

/* Begin PBXContainerItemProxy section */
		EC9CBAB32550F17800D8C4CF /* PBXContainerItemProxy */ = {
			isa = PBXContainerItemProxy;
			containerPortal = EC9CBA942550F17700D8C4CF /* Project object */;
			proxyType = 1;
			remoteGlobalIDString = EC9CBA9B2550F17700D8C4CF;
			remoteInfo = selfcare;
		};
		EC9CBABE2550F17800D8C4CF /* PBXContainerItemProxy */ = {
			isa = PBXContainerItemProxy;
			containerPortal = EC9CBA942550F17700D8C4CF /* Project object */;
			proxyType = 1;
			remoteGlobalIDString = EC9CBA9B2550F17700D8C4CF;
			remoteInfo = selfcare;
		};
/* End PBXContainerItemProxy section */

/* Begin PBXFileReference section */
		3515E18FEADDA2D9761E4FF5 /* Pods_selfcareTests.framework */ = {isa = PBXFileReference; explicitFileType = wrapper.framework; includeInIndex = 0; path = Pods_selfcareTests.framework; sourceTree = BUILT_PRODUCTS_DIR; };
		3E31C6F94979E269FDDD5DA7 /* Pods-selfcareTests.release.xcconfig */ = {isa = PBXFileReference; includeInIndex = 1; lastKnownFileType = text.xcconfig; name = "Pods-selfcareTests.release.xcconfig"; path = "Target Support Files/Pods-selfcareTests/Pods-selfcareTests.release.xcconfig"; sourceTree = "<group>"; };
		4FDC831271030D03A398F652 /* Pods-selfcareTests.debug.xcconfig */ = {isa = PBXFileReference; includeInIndex = 1; lastKnownFileType = text.xcconfig; name = "Pods-selfcareTests.debug.xcconfig"; path = "Target Support Files/Pods-selfcareTests/Pods-selfcareTests.debug.xcconfig"; sourceTree = "<group>"; };
		5BFE4899D64BF0772812BC88 /* Pods-selfcare-selfcareUITests.release.xcconfig */ = {isa = PBXFileReference; includeInIndex = 1; lastKnownFileType = text.xcconfig; name = "Pods-selfcare-selfcareUITests.release.xcconfig"; path = "Target Support Files/Pods-selfcare-selfcareUITests/Pods-selfcare-selfcareUITests.release.xcconfig"; sourceTree = "<group>"; };
		6740C6902E3E8308693170C7 /* Pods-selfcare.debug.xcconfig */ = {isa = PBXFileReference; includeInIndex = 1; lastKnownFileType = text.xcconfig; name = "Pods-selfcare.debug.xcconfig"; path = "Target Support Files/Pods-selfcare/Pods-selfcare.debug.xcconfig"; sourceTree = "<group>"; };
		6D8422522815C66EB5820CDA /* Pods_selfcare_selfcareUITests.framework */ = {isa = PBXFileReference; explicitFileType = wrapper.framework; includeInIndex = 0; path = Pods_selfcare_selfcareUITests.framework; sourceTree = BUILT_PRODUCTS_DIR; };
		85A3B918AD78CB55FD907A57 /* Pods-selfcare.release.xcconfig */ = {isa = PBXFileReference; includeInIndex = 1; lastKnownFileType = text.xcconfig; name = "Pods-selfcare.release.xcconfig"; path = "Target Support Files/Pods-selfcare/Pods-selfcare.release.xcconfig"; sourceTree = "<group>"; };
		A3011FD3EFFB99D8115EFD49 /* Pods-selfcare-selfcareUITests.debug.xcconfig */ = {isa = PBXFileReference; includeInIndex = 1; lastKnownFileType = text.xcconfig; name = "Pods-selfcare-selfcareUITests.debug.xcconfig"; path = "Target Support Files/Pods-selfcare-selfcareUITests/Pods-selfcare-selfcareUITests.debug.xcconfig"; sourceTree = "<group>"; };
		AFBD825A91F35FBA52D84D96 /* Pods_selfcare.framework */ = {isa = PBXFileReference; explicitFileType = wrapper.framework; includeInIndex = 0; path = Pods_selfcare.framework; sourceTree = BUILT_PRODUCTS_DIR; };
		EC0AD99E255B4F9300EC1686 /* OnboardingView.xib */ = {isa = PBXFileReference; lastKnownFileType = file.xib; path = OnboardingView.xib; sourceTree = "<group>"; };
		EC0AD9A4255B502800EC1686 /* NexaLight.otf */ = {isa = PBXFileReference; lastKnownFileType = file; name = NexaLight.otf; path = "../../../../Downloads/Nexa-Font/NexaLight.otf"; sourceTree = "<group>"; };
		EC0AD9A5255B502800EC1686 /* Nexa Bold.otf */ = {isa = PBXFileReference; lastKnownFileType = file; name = "Nexa Bold.otf"; path = "../../../../Downloads/Nexa-Font/Nexa Bold.otf"; sourceTree = "<group>"; };
		EC0AD9A6255B502800EC1686 /* NexaBookItalic.otf */ = {isa = PBXFileReference; lastKnownFileType = file; name = NexaBookItalic.otf; path = "../../../../Downloads/Nexa-Font/NexaBookItalic.otf"; sourceTree = "<group>"; };
		EC0AD9A7255B502800EC1686 /* NexaRegularItalic.otf */ = {isa = PBXFileReference; lastKnownFileType = file; name = NexaRegularItalic.otf; path = "../../../../Downloads/Nexa-Font/NexaRegularItalic.otf"; sourceTree = "<group>"; };
		EC0AD9A8255B502800EC1686 /* NexaHeavyItalic.otf */ = {isa = PBXFileReference; lastKnownFileType = file; name = NexaHeavyItalic.otf; path = "../../../../Downloads/Nexa-Font/NexaHeavyItalic.otf"; sourceTree = "<group>"; };
		EC0AD9A9255B502800EC1686 /* NexaHeavy.otf */ = {isa = PBXFileReference; lastKnownFileType = file; name = NexaHeavy.otf; path = "../../../../Downloads/Nexa-Font/NexaHeavy.otf"; sourceTree = "<group>"; };
		EC0AD9AA255B502800EC1686 /* Nexa Light.otf */ = {isa = PBXFileReference; lastKnownFileType = file; name = "Nexa Light.otf"; path = "../../../../Downloads/Nexa-Font/Nexa Light.otf"; sourceTree = "<group>"; };
		EC0AD9AB255B502800EC1686 /* NexaThinItalic.otf */ = {isa = PBXFileReference; lastKnownFileType = file; name = NexaThinItalic.otf; path = "../../../../Downloads/Nexa-Font/NexaThinItalic.otf"; sourceTree = "<group>"; };
		EC0AD9AC255B502800EC1686 /* NexaBold.otf */ = {isa = PBXFileReference; lastKnownFileType = file; name = NexaBold.otf; path = "../../../../Downloads/Nexa-Font/NexaBold.otf"; sourceTree = "<group>"; };
		EC0AD9AD255B502800EC1686 /* NexaLightItalic.otf */ = {isa = PBXFileReference; lastKnownFileType = file; name = NexaLightItalic.otf; path = "../../../../Downloads/Nexa-Font/NexaLightItalic.otf"; sourceTree = "<group>"; };
		EC0AD9AE255B502800EC1686 /* NexaRegular.otf */ = {isa = PBXFileReference; lastKnownFileType = file; name = NexaRegular.otf; path = "../../../../Downloads/Nexa-Font/NexaRegular.otf"; sourceTree = "<group>"; };
		EC0AD9AF255B502800EC1686 /* NexaThin.otf */ = {isa = PBXFileReference; lastKnownFileType = file; name = NexaThin.otf; path = "../../../../Downloads/Nexa-Font/NexaThin.otf"; sourceTree = "<group>"; };
		EC0AD9B0255B502800EC1686 /* NexaBlackItalic.otf */ = {isa = PBXFileReference; lastKnownFileType = file; name = NexaBlackItalic.otf; path = "../../../../Downloads/Nexa-Font/NexaBlackItalic.otf"; sourceTree = "<group>"; };
		EC0AD9B1255B502800EC1686 /* NexaBoldItalic.otf */ = {isa = PBXFileReference; lastKnownFileType = file; name = NexaBoldItalic.otf; path = "../../../../Downloads/Nexa-Font/NexaBoldItalic.otf"; sourceTree = "<group>"; };
		EC0AD9B2255B502800EC1686 /* NexaXBoldItalic.otf */ = {isa = PBXFileReference; lastKnownFileType = file; name = NexaXBoldItalic.otf; path = "../../../../Downloads/Nexa-Font/NexaXBoldItalic.otf"; sourceTree = "<group>"; };
		EC0AD9B3255B502800EC1686 /* NexaXBold.otf */ = {isa = PBXFileReference; lastKnownFileType = file; name = NexaXBold.otf; path = "../../../../Downloads/Nexa-Font/NexaXBold.otf"; sourceTree = "<group>"; };
		EC0AD9B4255B502800EC1686 /* NexaBlack.otf */ = {isa = PBXFileReference; lastKnownFileType = file; name = NexaBlack.otf; path = "../../../../Downloads/Nexa-Font/NexaBlack.otf"; sourceTree = "<group>"; };
		EC0AD9B5255B502800EC1686 /* NexaBook.otf */ = {isa = PBXFileReference; lastKnownFileType = file; name = NexaBook.otf; path = "../../../../Downloads/Nexa-Font/NexaBook.otf"; sourceTree = "<group>"; };
		EC0AD9D1255B61FE00EC1686 /* LoginViewController.swift */ = {isa = PBXFileReference; lastKnownFileType = sourcecode.swift; path = LoginViewController.swift; sourceTree = "<group>"; };
		EC0AD9D6255B629200EC1686 /* LoginView.xib */ = {isa = PBXFileReference; lastKnownFileType = file.xib; path = LoginView.xib; sourceTree = "<group>"; };
		EC101494256339E5003A68B8 /* hideKeyboardWhenTappedAround.swift */ = {isa = PBXFileReference; lastKnownFileType = sourcecode.swift; path = hideKeyboardWhenTappedAround.swift; sourceTree = "<group>"; };
		EC32D7AA2567315C003E0437 /* HomeView.xib */ = {isa = PBXFileReference; fileEncoding = 4; lastKnownFileType = file.xib; path = HomeView.xib; sourceTree = "<group>"; };
		EC32D7B0256731AB003E0437 /* MenuViewController.swift */ = {isa = PBXFileReference; lastKnownFileType = sourcecode.swift; path = MenuViewController.swift; sourceTree = "<group>"; };
		EC32D7B5256731F6003E0437 /* MenuView.xib */ = {isa = PBXFileReference; lastKnownFileType = file.xib; path = MenuView.xib; sourceTree = "<group>"; };
		EC32D7BA2567327E003E0437 /* loadXIB.swift */ = {isa = PBXFileReference; lastKnownFileType = sourcecode.swift; path = loadXIB.swift; sourceTree = "<group>"; };
		EC9CBA9C2550F17700D8C4CF /* selfcare.app */ = {isa = PBXFileReference; explicitFileType = wrapper.application; includeInIndex = 0; path = selfcare.app; sourceTree = BUILT_PRODUCTS_DIR; };
		EC9CBA9F2550F17700D8C4CF /* AppDelegate.swift */ = {isa = PBXFileReference; lastKnownFileType = sourcecode.swift; path = AppDelegate.swift; sourceTree = "<group>"; };
		EC9CBAA12550F17700D8C4CF /* SceneDelegate.swift */ = {isa = PBXFileReference; lastKnownFileType = sourcecode.swift; path = SceneDelegate.swift; sourceTree = "<group>"; };
		EC9CBAA32550F17700D8C4CF /* OnboardingViewController.swift */ = {isa = PBXFileReference; lastKnownFileType = sourcecode.swift; path = OnboardingViewController.swift; sourceTree = "<group>"; };
		EC9CBAA82550F17800D8C4CF /* Assets.xcassets */ = {isa = PBXFileReference; lastKnownFileType = folder.assetcatalog; path = Assets.xcassets; sourceTree = "<group>"; };
		EC9CBAAB2550F17800D8C4CF /* Base */ = {isa = PBXFileReference; lastKnownFileType = file.storyboard; name = Base; path = Base.lproj/LaunchScreen.storyboard; sourceTree = "<group>"; };
		EC9CBAAD2550F17800D8C4CF /* Info.plist */ = {isa = PBXFileReference; lastKnownFileType = text.plist.xml; path = Info.plist; sourceTree = "<group>"; };
		EC9CBAB22550F17800D8C4CF /* selfcareTests.xctest */ = {isa = PBXFileReference; explicitFileType = wrapper.cfbundle; includeInIndex = 0; path = selfcareTests.xctest; sourceTree = BUILT_PRODUCTS_DIR; };
		EC9CBAB62550F17800D8C4CF /* selfcareTests.swift */ = {isa = PBXFileReference; lastKnownFileType = sourcecode.swift; path = selfcareTests.swift; sourceTree = "<group>"; };
		EC9CBAB82550F17800D8C4CF /* Info.plist */ = {isa = PBXFileReference; lastKnownFileType = text.plist.xml; path = Info.plist; sourceTree = "<group>"; };
		EC9CBABD2550F17800D8C4CF /* selfcareUITests.xctest */ = {isa = PBXFileReference; explicitFileType = wrapper.cfbundle; includeInIndex = 0; path = selfcareUITests.xctest; sourceTree = BUILT_PRODUCTS_DIR; };
		EC9CBAC12550F17800D8C4CF /* selfcareUITests.swift */ = {isa = PBXFileReference; lastKnownFileType = sourcecode.swift; path = selfcareUITests.swift; sourceTree = "<group>"; };
		EC9CBAC32550F17800D8C4CF /* Info.plist */ = {isa = PBXFileReference; lastKnownFileType = text.plist.xml; path = Info.plist; sourceTree = "<group>"; };
		EC9E0EBD255DF2F200A19D96 /* RegistrationView.xib */ = {isa = PBXFileReference; lastKnownFileType = file.xib; path = RegistrationView.xib; sourceTree = "<group>"; };
		EC9E0EC2255DF2FC00A19D96 /* RegistrationViewController.swift */ = {isa = PBXFileReference; lastKnownFileType = sourcecode.swift; path = RegistrationViewController.swift; sourceTree = "<group>"; };
		ECB5409825632536003CCDA5 /* GoogleService-Info.plist */ = {isa = PBXFileReference; fileEncoding = 4; lastKnownFileType = text.plist.xml; path = "GoogleService-Info.plist"; sourceTree = "<group>"; };
		ECF23C7F2561ECEA00022D1E /* HomeViewController.swift */ = {isa = PBXFileReference; lastKnownFileType = sourcecode.swift; path = HomeViewController.swift; sourceTree = "<group>"; };
/* End PBXFileReference section */

/* Begin PBXFrameworksBuildPhase section */
		EC9CBA992550F17700D8C4CF /* Frameworks */ = {
			isa = PBXFrameworksBuildPhase;
			buildActionMask = 2147483647;
			files = (
				6C2AC72E3B41B10BA4D79F2E /* Pods_selfcare.framework in Frameworks */,
			);
			runOnlyForDeploymentPostprocessing = 0;
		};
		EC9CBAAF2550F17800D8C4CF /* Frameworks */ = {
			isa = PBXFrameworksBuildPhase;
			buildActionMask = 2147483647;
			files = (
				5518780403C4184DA7480B1E /* Pods_selfcareTests.framework in Frameworks */,
			);
			runOnlyForDeploymentPostprocessing = 0;
		};
		EC9CBABA2550F17800D8C4CF /* Frameworks */ = {
			isa = PBXFrameworksBuildPhase;
			buildActionMask = 2147483647;
			files = (
				7F8451FC2861F3F3AB4FD7FF /* Pods_selfcare_selfcareUITests.framework in Frameworks */,
			);
			runOnlyForDeploymentPostprocessing = 0;
		};
/* End PBXFrameworksBuildPhase section */

/* Begin PBXGroup section */
		61770DD687B181AF424464E2 /* Pods */ = {
			isa = PBXGroup;
			children = (
				6740C6902E3E8308693170C7 /* Pods-selfcare.debug.xcconfig */,
				85A3B918AD78CB55FD907A57 /* Pods-selfcare.release.xcconfig */,
				A3011FD3EFFB99D8115EFD49 /* Pods-selfcare-selfcareUITests.debug.xcconfig */,
				5BFE4899D64BF0772812BC88 /* Pods-selfcare-selfcareUITests.release.xcconfig */,
				4FDC831271030D03A398F652 /* Pods-selfcareTests.debug.xcconfig */,
				3E31C6F94979E269FDDD5DA7 /* Pods-selfcareTests.release.xcconfig */,
			);
			path = Pods;
			sourceTree = "<group>";
		};
		A0A2706F1C1247A3CBB926FA /* Frameworks */ = {
			isa = PBXGroup;
			children = (
				AFBD825A91F35FBA52D84D96 /* Pods_selfcare.framework */,
				6D8422522815C66EB5820CDA /* Pods_selfcare_selfcareUITests.framework */,
				3515E18FEADDA2D9761E4FF5 /* Pods_selfcareTests.framework */,
			);
			name = Frameworks;
			sourceTree = "<group>";
		};
		EC0AD991255B462D00EC1686 /* Controllers */ = {
			isa = PBXGroup;
			children = (
				EC32D7AF25673185003E0437 /* Menu */,
				ECF23C7E2561ECDA00022D1E /* Home */,
				EC9E0EBC255DF2BA00A19D96 /* Registration */,
				EC0AD99D255B4E3F00EC1686 /* Landing */,
				EC0AD99C255B4E1D00EC1686 /* Onboarding */,
			);
			path = Controllers;
			sourceTree = "<group>";
		};
		EC0AD999255B46AF00EC1686 /* Utilities */ = {
			isa = PBXGroup;
			children = (
			);
			path = Utilities;
			sourceTree = "<group>";
		};
		EC0AD99A255B46BF00EC1686 /* Data */ = {
			isa = PBXGroup;
			children = (
			);
			path = Data;
			sourceTree = "<group>";
		};
		EC0AD99B255B473800EC1686 /* Extensions */ = {
			isa = PBXGroup;
			children = (
				EC101494256339E5003A68B8 /* hideKeyboardWhenTappedAround.swift */,
				EC32D7BA2567327E003E0437 /* loadXIB.swift */,
			);
			path = Extensions;
			sourceTree = "<group>";
		};
		EC0AD99C255B4E1D00EC1686 /* Onboarding */ = {
			isa = PBXGroup;
			children = (
				EC9CBAA32550F17700D8C4CF /* OnboardingViewController.swift */,
				EC0AD99E255B4F9300EC1686 /* OnboardingView.xib */,
			);
			path = Onboarding;
			sourceTree = "<group>";
		};
		EC0AD99D255B4E3F00EC1686 /* Landing */ = {
			isa = PBXGroup;
			children = (
				EC0AD9D6255B629200EC1686 /* LoginView.xib */,
				EC0AD9D1255B61FE00EC1686 /* LoginViewController.swift */,
			);
			path = Landing;
			sourceTree = "<group>";
		};
		EC0AD9A3255B500D00EC1686 /* Fonts */ = {
			isa = PBXGroup;
			children = (
				EC0AD9A5255B502800EC1686 /* Nexa Bold.otf */,
				EC0AD9AA255B502800EC1686 /* Nexa Light.otf */,
				EC0AD9B4255B502800EC1686 /* NexaBlack.otf */,
				EC0AD9B0255B502800EC1686 /* NexaBlackItalic.otf */,
				EC0AD9AC255B502800EC1686 /* NexaBold.otf */,
				EC0AD9B1255B502800EC1686 /* NexaBoldItalic.otf */,
				EC0AD9B5255B502800EC1686 /* NexaBook.otf */,
				EC0AD9A6255B502800EC1686 /* NexaBookItalic.otf */,
				EC0AD9A9255B502800EC1686 /* NexaHeavy.otf */,
				EC0AD9A8255B502800EC1686 /* NexaHeavyItalic.otf */,
				EC0AD9A4255B502800EC1686 /* NexaLight.otf */,
				EC0AD9AD255B502800EC1686 /* NexaLightItalic.otf */,
				EC0AD9AE255B502800EC1686 /* NexaRegular.otf */,
				EC0AD9A7255B502800EC1686 /* NexaRegularItalic.otf */,
				EC0AD9AF255B502800EC1686 /* NexaThin.otf */,
				EC0AD9AB255B502800EC1686 /* NexaThinItalic.otf */,
				EC0AD9B3255B502800EC1686 /* NexaXBold.otf */,
				EC0AD9B2255B502800EC1686 /* NexaXBoldItalic.otf */,
			);
			path = Fonts;
			sourceTree = "<group>";
		};
		EC32D7AF25673185003E0437 /* Menu */ = {
			isa = PBXGroup;
			children = (
				EC32D7B0256731AB003E0437 /* MenuViewController.swift */,
				EC32D7B5256731F6003E0437 /* MenuView.xib */,
			);
			path = Menu;
			sourceTree = "<group>";
		};
		EC9CBA932550F17700D8C4CF = {
			isa = PBXGroup;
			children = (
				EC9CBA9E2550F17700D8C4CF /* selfcare */,
				EC9CBAB52550F17800D8C4CF /* selfcareTests */,
				EC9CBAC02550F17800D8C4CF /* selfcareUITests */,
				EC9CBA9D2550F17700D8C4CF /* Products */,
				61770DD687B181AF424464E2 /* Pods */,
				A0A2706F1C1247A3CBB926FA /* Frameworks */,
			);
			sourceTree = "<group>";
		};
		EC9CBA9D2550F17700D8C4CF /* Products */ = {
			isa = PBXGroup;
			children = (
				EC9CBA9C2550F17700D8C4CF /* selfcare.app */,
				EC9CBAB22550F17800D8C4CF /* selfcareTests.xctest */,
				EC9CBABD2550F17800D8C4CF /* selfcareUITests.xctest */,
			);
			name = Products;
			sourceTree = "<group>";
		};
		EC9CBA9E2550F17700D8C4CF /* selfcare */ = {
			isa = PBXGroup;
			children = (
				EC0AD9A3255B500D00EC1686 /* Fonts */,
				EC0AD99B255B473800EC1686 /* Extensions */,
				EC0AD99A255B46BF00EC1686 /* Data */,
				EC0AD999255B46AF00EC1686 /* Utilities */,
				EC0AD991255B462D00EC1686 /* Controllers */,
				EC9CBA9F2550F17700D8C4CF /* AppDelegate.swift */,
				EC9CBAA12550F17700D8C4CF /* SceneDelegate.swift */,
				EC9CBAA82550F17800D8C4CF /* Assets.xcassets */,
				EC9CBAAA2550F17800D8C4CF /* LaunchScreen.storyboard */,
				EC9CBAAD2550F17800D8C4CF /* Info.plist */,
				ECB5409825632536003CCDA5 /* GoogleService-Info.plist */,
			);
			path = selfcare;
			sourceTree = "<group>";
		};
		EC9CBAB52550F17800D8C4CF /* selfcareTests */ = {
			isa = PBXGroup;
			children = (
				EC9CBAB62550F17800D8C4CF /* selfcareTests.swift */,
				EC9CBAB82550F17800D8C4CF /* Info.plist */,
			);
			path = selfcareTests;
			sourceTree = "<group>";
		};
		EC9CBAC02550F17800D8C4CF /* selfcareUITests */ = {
			isa = PBXGroup;
			children = (
				EC9CBAC12550F17800D8C4CF /* selfcareUITests.swift */,
				EC9CBAC32550F17800D8C4CF /* Info.plist */,
			);
			path = selfcareUITests;
			sourceTree = "<group>";
		};
		EC9E0EBC255DF2BA00A19D96 /* Registration */ = {
			isa = PBXGroup;
			children = (
				EC9E0EBD255DF2F200A19D96 /* RegistrationView.xib */,
				EC9E0EC2255DF2FC00A19D96 /* RegistrationViewController.swift */,
			);
			path = Registration;
			sourceTree = "<group>";
		};
		ECF23C7E2561ECDA00022D1E /* Home */ = {
			isa = PBXGroup;
			children = (
				EC32D7AA2567315C003E0437 /* HomeView.xib */,
				ECF23C7F2561ECEA00022D1E /* HomeViewController.swift */,
			);
			path = Home;
			sourceTree = "<group>";
		};
/* End PBXGroup section */

/* Begin PBXNativeTarget section */
		EC9CBA9B2550F17700D8C4CF /* selfcare */ = {
			isa = PBXNativeTarget;
			buildConfigurationList = EC9CBAC62550F17800D8C4CF /* Build configuration list for PBXNativeTarget "selfcare" */;
			buildPhases = (
				402CF564BAA6DE21BD1147FB /* [CP] Check Pods Manifest.lock */,
				EC9CBA982550F17700D8C4CF /* Sources */,
				EC9CBA992550F17700D8C4CF /* Frameworks */,
				EC9CBA9A2550F17700D8C4CF /* Resources */,
				119C6C1FFED0B8B481234614 /* [CP] Embed Pods Frameworks */,
			);
			buildRules = (
			);
			dependencies = (
			);
			name = selfcare;
			productName = selfcare;
			productReference = EC9CBA9C2550F17700D8C4CF /* selfcare.app */;
			productType = "com.apple.product-type.application";
		};
		EC9CBAB12550F17800D8C4CF /* selfcareTests */ = {
			isa = PBXNativeTarget;
			buildConfigurationList = EC9CBAC92550F17800D8C4CF /* Build configuration list for PBXNativeTarget "selfcareTests" */;
			buildPhases = (
				F9B44BB455055D0C68A5B2FF /* [CP] Check Pods Manifest.lock */,
				EC9CBAAE2550F17800D8C4CF /* Sources */,
				EC9CBAAF2550F17800D8C4CF /* Frameworks */,
				EC9CBAB02550F17800D8C4CF /* Resources */,
			);
			buildRules = (
			);
			dependencies = (
				EC9CBAB42550F17800D8C4CF /* PBXTargetDependency */,
			);
			name = selfcareTests;
			productName = selfcareTests;
			productReference = EC9CBAB22550F17800D8C4CF /* selfcareTests.xctest */;
			productType = "com.apple.product-type.bundle.unit-test";
		};
		EC9CBABC2550F17800D8C4CF /* selfcareUITests */ = {
			isa = PBXNativeTarget;
			buildConfigurationList = EC9CBACC2550F17800D8C4CF /* Build configuration list for PBXNativeTarget "selfcareUITests" */;
			buildPhases = (
				44D0ABB7649639C188B49FC4 /* [CP] Check Pods Manifest.lock */,
				EC9CBAB92550F17800D8C4CF /* Sources */,
				EC9CBABA2550F17800D8C4CF /* Frameworks */,
				EC9CBABB2550F17800D8C4CF /* Resources */,
				AD1F225DBCB72C5F1543FDA9 /* [CP] Embed Pods Frameworks */,
			);
			buildRules = (
			);
			dependencies = (
				EC9CBABF2550F17800D8C4CF /* PBXTargetDependency */,
			);
			name = selfcareUITests;
			productName = selfcareUITests;
			productReference = EC9CBABD2550F17800D8C4CF /* selfcareUITests.xctest */;
			productType = "com.apple.product-type.bundle.ui-testing";
		};
/* End PBXNativeTarget section */

/* Begin PBXProject section */
		EC9CBA942550F17700D8C4CF /* Project object */ = {
			isa = PBXProject;
			attributes = {
				LastSwiftUpdateCheck = 1210;
				LastUpgradeCheck = 1210;
				TargetAttributes = {
					EC9CBA9B2550F17700D8C4CF = {
						CreatedOnToolsVersion = 12.1;
					};
					EC9CBAB12550F17800D8C4CF = {
						CreatedOnToolsVersion = 12.1;
						TestTargetID = EC9CBA9B2550F17700D8C4CF;
					};
					EC9CBABC2550F17800D8C4CF = {
						CreatedOnToolsVersion = 12.1;
						TestTargetID = EC9CBA9B2550F17700D8C4CF;
					};
				};
			};
			buildConfigurationList = EC9CBA972550F17700D8C4CF /* Build configuration list for PBXProject "selfcare" */;
			compatibilityVersion = "Xcode 9.3";
			developmentRegion = en;
			hasScannedForEncodings = 0;
			knownRegions = (
				en,
				Base,
			);
			mainGroup = EC9CBA932550F17700D8C4CF;
			productRefGroup = EC9CBA9D2550F17700D8C4CF /* Products */;
			projectDirPath = "";
			projectRoot = "";
			targets = (
				EC9CBA9B2550F17700D8C4CF /* selfcare */,
				EC9CBAB12550F17800D8C4CF /* selfcareTests */,
				EC9CBABC2550F17800D8C4CF /* selfcareUITests */,
			);
		};
/* End PBXProject section */

/* Begin PBXResourcesBuildPhase section */
		EC9CBA9A2550F17700D8C4CF /* Resources */ = {
			isa = PBXResourcesBuildPhase;
			buildActionMask = 2147483647;
			files = (
				EC0AD9C1255B502800EC1686 /* NexaThin.otf in Resources */,
				EC0AD9C6255B502800EC1686 /* NexaBlack.otf in Resources */,
				ECB5409925632536003CCDA5 /* GoogleService-Info.plist in Resources */,
				EC32D7B6256731F6003E0437 /* MenuView.xib in Resources */,
				EC0AD9B6255B502800EC1686 /* NexaLight.otf in Resources */,
				EC0AD9BA255B502800EC1686 /* NexaHeavyItalic.otf in Resources */,
				EC0AD9BB255B502800EC1686 /* NexaHeavy.otf in Resources */,
				EC9CBAAC2550F17800D8C4CF /* LaunchScreen.storyboard in Resources */,
				EC0AD9B9255B502800EC1686 /* NexaRegularItalic.otf in Resources */,
				EC0AD9BC255B502800EC1686 /* Nexa Light.otf in Resources */,
				EC32D7AB2567315C003E0437 /* HomeView.xib in Resources */,
				EC0AD9C0255B502800EC1686 /* NexaRegular.otf in Resources */,
				EC0AD9BF255B502800EC1686 /* NexaLightItalic.otf in Resources */,
				EC9E0EBE255DF2F200A19D96 /* RegistrationView.xib in Resources */,
				EC0AD9C2255B502800EC1686 /* NexaBlackItalic.otf in Resources */,
				EC0AD9B8255B502800EC1686 /* NexaBookItalic.otf in Resources */,
				EC9CBAA92550F17800D8C4CF /* Assets.xcassets in Resources */,
				EC0AD9BE255B502800EC1686 /* NexaBold.otf in Resources */,
				EC0AD9D7255B629200EC1686 /* LoginView.xib in Resources */,
				EC0AD9B7255B502800EC1686 /* Nexa Bold.otf in Resources */,
				EC0AD99F255B4F9300EC1686 /* OnboardingView.xib in Resources */,
				EC0AD9C4255B502800EC1686 /* NexaXBoldItalic.otf in Resources */,
				EC0AD9C7255B502800EC1686 /* NexaBook.otf in Resources */,
				EC0AD9C5255B502800EC1686 /* NexaXBold.otf in Resources */,
				EC0AD9BD255B502800EC1686 /* NexaThinItalic.otf in Resources */,
				EC0AD9C3255B502800EC1686 /* NexaBoldItalic.otf in Resources */,
			);
			runOnlyForDeploymentPostprocessing = 0;
		};
		EC9CBAB02550F17800D8C4CF /* Resources */ = {
			isa = PBXResourcesBuildPhase;
			buildActionMask = 2147483647;
			files = (
			);
			runOnlyForDeploymentPostprocessing = 0;
		};
		EC9CBABB2550F17800D8C4CF /* Resources */ = {
			isa = PBXResourcesBuildPhase;
			buildActionMask = 2147483647;
			files = (
			);
			runOnlyForDeploymentPostprocessing = 0;
		};
/* End PBXResourcesBuildPhase section */

/* Begin PBXShellScriptBuildPhase section */
		119C6C1FFED0B8B481234614 /* [CP] Embed Pods Frameworks */ = {
			isa = PBXShellScriptBuildPhase;
			buildActionMask = 2147483647;
			files = (
			);
			inputFileListPaths = (
				"${PODS_ROOT}/Target Support Files/Pods-selfcare/Pods-selfcare-frameworks-${CONFIGURATION}-input-files.xcfilelist",
			);
			name = "[CP] Embed Pods Frameworks";
			outputFileListPaths = (
				"${PODS_ROOT}/Target Support Files/Pods-selfcare/Pods-selfcare-frameworks-${CONFIGURATION}-output-files.xcfilelist",
			);
			runOnlyForDeploymentPostprocessing = 0;
			shellPath = /bin/sh;
			shellScript = "\"${PODS_ROOT}/Target Support Files/Pods-selfcare/Pods-selfcare-frameworks.sh\"\n";
			showEnvVarsInLog = 0;
		};
		402CF564BAA6DE21BD1147FB /* [CP] Check Pods Manifest.lock */ = {
			isa = PBXShellScriptBuildPhase;
			buildActionMask = 2147483647;
			files = (
			);
			inputFileListPaths = (
			);
			inputPaths = (
				"${PODS_PODFILE_DIR_PATH}/Podfile.lock",
				"${PODS_ROOT}/Manifest.lock",
			);
			name = "[CP] Check Pods Manifest.lock";
			outputFileListPaths = (
			);
			outputPaths = (
				"$(DERIVED_FILE_DIR)/Pods-selfcare-checkManifestLockResult.txt",
			);
			runOnlyForDeploymentPostprocessing = 0;
			shellPath = /bin/sh;
			shellScript = "diff \"${PODS_PODFILE_DIR_PATH}/Podfile.lock\" \"${PODS_ROOT}/Manifest.lock\" > /dev/null\nif [ $? != 0 ] ; then\n    # print error to STDERR\n    echo \"error: The sandbox is not in sync with the Podfile.lock. Run 'pod install' or update your CocoaPods installation.\" >&2\n    exit 1\nfi\n# This output is used by Xcode 'outputs' to avoid re-running this script phase.\necho \"SUCCESS\" > \"${SCRIPT_OUTPUT_FILE_0}\"\n";
			showEnvVarsInLog = 0;
		};
		44D0ABB7649639C188B49FC4 /* [CP] Check Pods Manifest.lock */ = {
			isa = PBXShellScriptBuildPhase;
			buildActionMask = 2147483647;
			files = (
			);
			inputFileListPaths = (
			);
			inputPaths = (
				"${PODS_PODFILE_DIR_PATH}/Podfile.lock",
				"${PODS_ROOT}/Manifest.lock",
			);
			name = "[CP] Check Pods Manifest.lock";
			outputFileListPaths = (
			);
			outputPaths = (
				"$(DERIVED_FILE_DIR)/Pods-selfcare-selfcareUITests-checkManifestLockResult.txt",
			);
			runOnlyForDeploymentPostprocessing = 0;
			shellPath = /bin/sh;
			shellScript = "diff \"${PODS_PODFILE_DIR_PATH}/Podfile.lock\" \"${PODS_ROOT}/Manifest.lock\" > /dev/null\nif [ $? != 0 ] ; then\n    # print error to STDERR\n    echo \"error: The sandbox is not in sync with the Podfile.lock. Run 'pod install' or update your CocoaPods installation.\" >&2\n    exit 1\nfi\n# This output is used by Xcode 'outputs' to avoid re-running this script phase.\necho \"SUCCESS\" > \"${SCRIPT_OUTPUT_FILE_0}\"\n";
			showEnvVarsInLog = 0;
		};
		AD1F225DBCB72C5F1543FDA9 /* [CP] Embed Pods Frameworks */ = {
			isa = PBXShellScriptBuildPhase;
			buildActionMask = 2147483647;
			files = (
			);
			inputFileListPaths = (
				"${PODS_ROOT}/Target Support Files/Pods-selfcare-selfcareUITests/Pods-selfcare-selfcareUITests-frameworks-${CONFIGURATION}-input-files.xcfilelist",
			);
			name = "[CP] Embed Pods Frameworks";
			outputFileListPaths = (
				"${PODS_ROOT}/Target Support Files/Pods-selfcare-selfcareUITests/Pods-selfcare-selfcareUITests-frameworks-${CONFIGURATION}-output-files.xcfilelist",
			);
			runOnlyForDeploymentPostprocessing = 0;
			shellPath = /bin/sh;
			shellScript = "\"${PODS_ROOT}/Target Support Files/Pods-selfcare-selfcareUITests/Pods-selfcare-selfcareUITests-frameworks.sh\"\n";
			showEnvVarsInLog = 0;
		};
		F9B44BB455055D0C68A5B2FF /* [CP] Check Pods Manifest.lock */ = {
			isa = PBXShellScriptBuildPhase;
			buildActionMask = 2147483647;
			files = (
			);
			inputFileListPaths = (
			);
			inputPaths = (
				"${PODS_PODFILE_DIR_PATH}/Podfile.lock",
				"${PODS_ROOT}/Manifest.lock",
			);
			name = "[CP] Check Pods Manifest.lock";
			outputFileListPaths = (
			);
			outputPaths = (
				"$(DERIVED_FILE_DIR)/Pods-selfcareTests-checkManifestLockResult.txt",
			);
			runOnlyForDeploymentPostprocessing = 0;
			shellPath = /bin/sh;
			shellScript = "diff \"${PODS_PODFILE_DIR_PATH}/Podfile.lock\" \"${PODS_ROOT}/Manifest.lock\" > /dev/null\nif [ $? != 0 ] ; then\n    # print error to STDERR\n    echo \"error: The sandbox is not in sync with the Podfile.lock. Run 'pod install' or update your CocoaPods installation.\" >&2\n    exit 1\nfi\n# This output is used by Xcode 'outputs' to avoid re-running this script phase.\necho \"SUCCESS\" > \"${SCRIPT_OUTPUT_FILE_0}\"\n";
			showEnvVarsInLog = 0;
		};
/* End PBXShellScriptBuildPhase section */

/* Begin PBXSourcesBuildPhase section */
		EC9CBA982550F17700D8C4CF /* Sources */ = {
			isa = PBXSourcesBuildPhase;
			buildActionMask = 2147483647;
			files = (
				EC101495256339E5003A68B8 /* hideKeyboardWhenTappedAround.swift in Sources */,
				EC32D7BB2567327E003E0437 /* loadXIB.swift in Sources */,
				EC0AD9D2255B61FE00EC1686 /* LoginViewController.swift in Sources */,
				EC9CBAA42550F17700D8C4CF /* OnboardingViewController.swift in Sources */,
				EC9CBAA02550F17700D8C4CF /* AppDelegate.swift in Sources */,
				EC9CBAA22550F17700D8C4CF /* SceneDelegate.swift in Sources */,
				EC9E0EC3255DF2FC00A19D96 /* RegistrationViewController.swift in Sources */,
				ECF23C802561ECEA00022D1E /* HomeViewController.swift in Sources */,
				EC32D7B1256731AB003E0437 /* MenuViewController.swift in Sources */,
			);
			runOnlyForDeploymentPostprocessing = 0;
		};
		EC9CBAAE2550F17800D8C4CF /* Sources */ = {
			isa = PBXSourcesBuildPhase;
			buildActionMask = 2147483647;
			files = (
				EC9CBAB72550F17800D8C4CF /* selfcareTests.swift in Sources */,
			);
			runOnlyForDeploymentPostprocessing = 0;
		};
		EC9CBAB92550F17800D8C4CF /* Sources */ = {
			isa = PBXSourcesBuildPhase;
			buildActionMask = 2147483647;
			files = (
				EC9CBAC22550F17800D8C4CF /* selfcareUITests.swift in Sources */,
			);
			runOnlyForDeploymentPostprocessing = 0;
		};
/* End PBXSourcesBuildPhase section */

/* Begin PBXTargetDependency section */
		EC9CBAB42550F17800D8C4CF /* PBXTargetDependency */ = {
			isa = PBXTargetDependency;
			target = EC9CBA9B2550F17700D8C4CF /* selfcare */;
			targetProxy = EC9CBAB32550F17800D8C4CF /* PBXContainerItemProxy */;
		};
		EC9CBABF2550F17800D8C4CF /* PBXTargetDependency */ = {
			isa = PBXTargetDependency;
			target = EC9CBA9B2550F17700D8C4CF /* selfcare */;
			targetProxy = EC9CBABE2550F17800D8C4CF /* PBXContainerItemProxy */;
		};
/* End PBXTargetDependency section */

/* Begin PBXVariantGroup section */
		EC9CBAAA2550F17800D8C4CF /* LaunchScreen.storyboard */ = {
			isa = PBXVariantGroup;
			children = (
				EC9CBAAB2550F17800D8C4CF /* Base */,
			);
			name = LaunchScreen.storyboard;
			sourceTree = "<group>";
		};
/* End PBXVariantGroup section */

/* Begin XCBuildConfiguration section */
		EC9CBAC42550F17800D8C4CF /* Debug */ = {
			isa = XCBuildConfiguration;
			buildSettings = {
				ALWAYS_SEARCH_USER_PATHS = NO;
				CLANG_ANALYZER_NONNULL = YES;
				CLANG_ANALYZER_NUMBER_OBJECT_CONVERSION = YES_AGGRESSIVE;
				CLANG_CXX_LANGUAGE_STANDARD = "gnu++14";
				CLANG_CXX_LIBRARY = "libc++";
				CLANG_ENABLE_MODULES = YES;
				CLANG_ENABLE_OBJC_ARC = YES;
				CLANG_ENABLE_OBJC_WEAK = YES;
				CLANG_WARN_BLOCK_CAPTURE_AUTORELEASING = YES;
				CLANG_WARN_BOOL_CONVERSION = YES;
				CLANG_WARN_COMMA = YES;
				CLANG_WARN_CONSTANT_CONVERSION = YES;
				CLANG_WARN_DEPRECATED_OBJC_IMPLEMENTATIONS = YES;
				CLANG_WARN_DIRECT_OBJC_ISA_USAGE = YES_ERROR;
				CLANG_WARN_DOCUMENTATION_COMMENTS = YES;
				CLANG_WARN_EMPTY_BODY = YES;
				CLANG_WARN_ENUM_CONVERSION = YES;
				CLANG_WARN_INFINITE_RECURSION = YES;
				CLANG_WARN_INT_CONVERSION = YES;
				CLANG_WARN_NON_LITERAL_NULL_CONVERSION = YES;
				CLANG_WARN_OBJC_IMPLICIT_RETAIN_SELF = YES;
				CLANG_WARN_OBJC_LITERAL_CONVERSION = YES;
				CLANG_WARN_OBJC_ROOT_CLASS = YES_ERROR;
				CLANG_WARN_QUOTED_INCLUDE_IN_FRAMEWORK_HEADER = YES;
				CLANG_WARN_RANGE_LOOP_ANALYSIS = YES;
				CLANG_WARN_STRICT_PROTOTYPES = YES;
				CLANG_WARN_SUSPICIOUS_MOVE = YES;
				CLANG_WARN_UNGUARDED_AVAILABILITY = YES_AGGRESSIVE;
				CLANG_WARN_UNREACHABLE_CODE = YES;
				CLANG_WARN__DUPLICATE_METHOD_MATCH = YES;
				COPY_PHASE_STRIP = NO;
				DEBUG_INFORMATION_FORMAT = dwarf;
				ENABLE_STRICT_OBJC_MSGSEND = YES;
				ENABLE_TESTABILITY = YES;
				GCC_C_LANGUAGE_STANDARD = gnu11;
				GCC_DYNAMIC_NO_PIC = NO;
				GCC_NO_COMMON_BLOCKS = YES;
				GCC_OPTIMIZATION_LEVEL = 0;
				GCC_PREPROCESSOR_DEFINITIONS = (
					"DEBUG=1",
					"$(inherited)",
				);
				GCC_WARN_64_TO_32_BIT_CONVERSION = YES;
				GCC_WARN_ABOUT_RETURN_TYPE = YES_ERROR;
				GCC_WARN_UNDECLARED_SELECTOR = YES;
				GCC_WARN_UNINITIALIZED_AUTOS = YES_AGGRESSIVE;
				GCC_WARN_UNUSED_FUNCTION = YES;
				GCC_WARN_UNUSED_VARIABLE = YES;
				IPHONEOS_DEPLOYMENT_TARGET = 13.1;
				MTL_ENABLE_DEBUG_INFO = INCLUDE_SOURCE;
				MTL_FAST_MATH = YES;
				ONLY_ACTIVE_ARCH = YES;
				SDKROOT = iphoneos;
				SWIFT_ACTIVE_COMPILATION_CONDITIONS = DEBUG;
				SWIFT_OPTIMIZATION_LEVEL = "-Onone";
			};
			name = Debug;
		};
		EC9CBAC52550F17800D8C4CF /* Release */ = {
			isa = XCBuildConfiguration;
			buildSettings = {
				ALWAYS_SEARCH_USER_PATHS = NO;
				CLANG_ANALYZER_NONNULL = YES;
				CLANG_ANALYZER_NUMBER_OBJECT_CONVERSION = YES_AGGRESSIVE;
				CLANG_CXX_LANGUAGE_STANDARD = "gnu++14";
				CLANG_CXX_LIBRARY = "libc++";
				CLANG_ENABLE_MODULES = YES;
				CLANG_ENABLE_OBJC_ARC = YES;
				CLANG_ENABLE_OBJC_WEAK = YES;
				CLANG_WARN_BLOCK_CAPTURE_AUTORELEASING = YES;
				CLANG_WARN_BOOL_CONVERSION = YES;
				CLANG_WARN_COMMA = YES;
				CLANG_WARN_CONSTANT_CONVERSION = YES;
				CLANG_WARN_DEPRECATED_OBJC_IMPLEMENTATIONS = YES;
				CLANG_WARN_DIRECT_OBJC_ISA_USAGE = YES_ERROR;
				CLANG_WARN_DOCUMENTATION_COMMENTS = YES;
				CLANG_WARN_EMPTY_BODY = YES;
				CLANG_WARN_ENUM_CONVERSION = YES;
				CLANG_WARN_INFINITE_RECURSION = YES;
				CLANG_WARN_INT_CONVERSION = YES;
				CLANG_WARN_NON_LITERAL_NULL_CONVERSION = YES;
				CLANG_WARN_OBJC_IMPLICIT_RETAIN_SELF = YES;
				CLANG_WARN_OBJC_LITERAL_CONVERSION = YES;
				CLANG_WARN_OBJC_ROOT_CLASS = YES_ERROR;
				CLANG_WARN_QUOTED_INCLUDE_IN_FRAMEWORK_HEADER = YES;
				CLANG_WARN_RANGE_LOOP_ANALYSIS = YES;
				CLANG_WARN_STRICT_PROTOTYPES = YES;
				CLANG_WARN_SUSPICIOUS_MOVE = YES;
				CLANG_WARN_UNGUARDED_AVAILABILITY = YES_AGGRESSIVE;
				CLANG_WARN_UNREACHABLE_CODE = YES;
				CLANG_WARN__DUPLICATE_METHOD_MATCH = YES;
				COPY_PHASE_STRIP = NO;
				DEBUG_INFORMATION_FORMAT = "dwarf-with-dsym";
				ENABLE_NS_ASSERTIONS = NO;
				ENABLE_STRICT_OBJC_MSGSEND = YES;
				GCC_C_LANGUAGE_STANDARD = gnu11;
				GCC_NO_COMMON_BLOCKS = YES;
				GCC_WARN_64_TO_32_BIT_CONVERSION = YES;
				GCC_WARN_ABOUT_RETURN_TYPE = YES_ERROR;
				GCC_WARN_UNDECLARED_SELECTOR = YES;
				GCC_WARN_UNINITIALIZED_AUTOS = YES_AGGRESSIVE;
				GCC_WARN_UNUSED_FUNCTION = YES;
				GCC_WARN_UNUSED_VARIABLE = YES;
				IPHONEOS_DEPLOYMENT_TARGET = 13.1;
				MTL_ENABLE_DEBUG_INFO = NO;
				MTL_FAST_MATH = YES;
				SDKROOT = iphoneos;
				SWIFT_COMPILATION_MODE = wholemodule;
				SWIFT_OPTIMIZATION_LEVEL = "-O";
				VALIDATE_PRODUCT = YES;
			};
			name = Release;
		};
		EC9CBAC72550F17800D8C4CF /* Debug */ = {
			isa = XCBuildConfiguration;
			baseConfigurationReference = 6740C6902E3E8308693170C7 /* Pods-selfcare.debug.xcconfig */;
			buildSettings = {
				ASSETCATALOG_COMPILER_APPICON_NAME = AppIcon;
				ASSETCATALOG_COMPILER_GLOBAL_ACCENT_COLOR_NAME = AccentColor;
				CODE_SIGN_STYLE = Automatic;
				DEVELOPMENT_TEAM = 766MCXX8MT;
				INFOPLIST_FILE = selfcare/Info.plist;
				LD_RUNPATH_SEARCH_PATHS = (
					"$(inherited)",
					"@executable_path/Frameworks",
				);
				PRODUCT_BUNDLE_IDENTIFIER = michaelBrewington.selfcare;
				PRODUCT_NAME = "$(TARGET_NAME)";
				SWIFT_VERSION = 5.0;
				TARGETED_DEVICE_FAMILY = "1,2";
			};
			name = Debug;
		};
		EC9CBAC82550F17800D8C4CF /* Release */ = {
			isa = XCBuildConfiguration;
			baseConfigurationReference = 85A3B918AD78CB55FD907A57 /* Pods-selfcare.release.xcconfig */;
			buildSettings = {
				ASSETCATALOG_COMPILER_APPICON_NAME = AppIcon;
				ASSETCATALOG_COMPILER_GLOBAL_ACCENT_COLOR_NAME = AccentColor;
				CODE_SIGN_STYLE = Automatic;
				DEVELOPMENT_TEAM = 766MCXX8MT;
				INFOPLIST_FILE = selfcare/Info.plist;
				LD_RUNPATH_SEARCH_PATHS = (
					"$(inherited)",
					"@executable_path/Frameworks",
				);
				PRODUCT_BUNDLE_IDENTIFIER = michaelBrewington.selfcare;
				PRODUCT_NAME = "$(TARGET_NAME)";
				SWIFT_VERSION = 5.0;
				TARGETED_DEVICE_FAMILY = "1,2";
			};
			name = Release;
		};
		EC9CBACA2550F17800D8C4CF /* Debug */ = {
			isa = XCBuildConfiguration;
			baseConfigurationReference = 4FDC831271030D03A398F652 /* Pods-selfcareTests.debug.xcconfig */;
			buildSettings = {
				ALWAYS_EMBED_SWIFT_STANDARD_LIBRARIES = YES;
				BUNDLE_LOADER = "$(TEST_HOST)";
				CODE_SIGN_STYLE = Automatic;
				DEVELOPMENT_TEAM = 766MCXX8MT;
				INFOPLIST_FILE = selfcareTests/Info.plist;
				IPHONEOS_DEPLOYMENT_TARGET = 14.1;
				LD_RUNPATH_SEARCH_PATHS = (
					"$(inherited)",
					"@executable_path/Frameworks",
					"@loader_path/Frameworks",
				);
				PRODUCT_BUNDLE_IDENTIFIER = michaelBrewington.selfcareTests;
				PRODUCT_NAME = "$(TARGET_NAME)";
				SWIFT_VERSION = 5.0;
				TARGETED_DEVICE_FAMILY = "1,2";
				TEST_HOST = "$(BUILT_PRODUCTS_DIR)/selfcare.app/selfcare";
			};
			name = Debug;
		};
		EC9CBACB2550F17800D8C4CF /* Release */ = {
			isa = XCBuildConfiguration;
			baseConfigurationReference = 3E31C6F94979E269FDDD5DA7 /* Pods-selfcareTests.release.xcconfig */;
			buildSettings = {
				ALWAYS_EMBED_SWIFT_STANDARD_LIBRARIES = YES;
				BUNDLE_LOADER = "$(TEST_HOST)";
				CODE_SIGN_STYLE = Automatic;
				DEVELOPMENT_TEAM = 766MCXX8MT;
				INFOPLIST_FILE = selfcareTests/Info.plist;
				IPHONEOS_DEPLOYMENT_TARGET = 14.1;
				LD_RUNPATH_SEARCH_PATHS = (
					"$(inherited)",
					"@executable_path/Frameworks",
					"@loader_path/Frameworks",
				);
				PRODUCT_BUNDLE_IDENTIFIER = michaelBrewington.selfcareTests;
				PRODUCT_NAME = "$(TARGET_NAME)";
				SWIFT_VERSION = 5.0;
				TARGETED_DEVICE_FAMILY = "1,2";
				TEST_HOST = "$(BUILT_PRODUCTS_DIR)/selfcare.app/selfcare";
			};
			name = Release;
		};
		EC9CBACD2550F17800D8C4CF /* Debug */ = {
			isa = XCBuildConfiguration;
			baseConfigurationReference = A3011FD3EFFB99D8115EFD49 /* Pods-selfcare-selfcareUITests.debug.xcconfig */;
			buildSettings = {
				ALWAYS_EMBED_SWIFT_STANDARD_LIBRARIES = YES;
				CODE_SIGN_STYLE = Automatic;
				DEVELOPMENT_TEAM = 766MCXX8MT;
				INFOPLIST_FILE = selfcareUITests/Info.plist;
				LD_RUNPATH_SEARCH_PATHS = (
					"$(inherited)",
					"@executable_path/Frameworks",
					"@loader_path/Frameworks",
				);
				PRODUCT_BUNDLE_IDENTIFIER = michaelBrewington.selfcareUITests;
				PRODUCT_NAME = "$(TARGET_NAME)";
				SWIFT_VERSION = 5.0;
				TARGETED_DEVICE_FAMILY = "1,2";
				TEST_TARGET_NAME = selfcare;
			};
			name = Debug;
		};
		EC9CBACE2550F17800D8C4CF /* Release */ = {
			isa = XCBuildConfiguration;
			baseConfigurationReference = 5BFE4899D64BF0772812BC88 /* Pods-selfcare-selfcareUITests.release.xcconfig */;
			buildSettings = {
				ALWAYS_EMBED_SWIFT_STANDARD_LIBRARIES = YES;
				CODE_SIGN_STYLE = Automatic;
				DEVELOPMENT_TEAM = 766MCXX8MT;
				INFOPLIST_FILE = selfcareUITests/Info.plist;
				LD_RUNPATH_SEARCH_PATHS = (
					"$(inherited)",
					"@executable_path/Frameworks",
					"@loader_path/Frameworks",
				);
				PRODUCT_BUNDLE_IDENTIFIER = michaelBrewington.selfcareUITests;
				PRODUCT_NAME = "$(TARGET_NAME)";
				SWIFT_VERSION = 5.0;
				TARGETED_DEVICE_FAMILY = "1,2";
				TEST_TARGET_NAME = selfcare;
			};
			name = Release;
		};
/* End XCBuildConfiguration section */

/* Begin XCConfigurationList section */
		EC9CBA972550F17700D8C4CF /* Build configuration list for PBXProject "selfcare" */ = {
			isa = XCConfigurationList;
			buildConfigurations = (
				EC9CBAC42550F17800D8C4CF /* Debug */,
				EC9CBAC52550F17800D8C4CF /* Release */,
			);
			defaultConfigurationIsVisible = 0;
			defaultConfigurationName = Release;
		};
		EC9CBAC62550F17800D8C4CF /* Build configuration list for PBXNativeTarget "selfcare" */ = {
			isa = XCConfigurationList;
			buildConfigurations = (
				EC9CBAC72550F17800D8C4CF /* Debug */,
				EC9CBAC82550F17800D8C4CF /* Release */,
			);
			defaultConfigurationIsVisible = 0;
			defaultConfigurationName = Release;
		};
		EC9CBAC92550F17800D8C4CF /* Build configuration list for PBXNativeTarget "selfcareTests" */ = {
			isa = XCConfigurationList;
			buildConfigurations = (
				EC9CBACA2550F17800D8C4CF /* Debug */,
				EC9CBACB2550F17800D8C4CF /* Release */,
			);
			defaultConfigurationIsVisible = 0;
			defaultConfigurationName = Release;
		};
		EC9CBACC2550F17800D8C4CF /* Build configuration list for PBXNativeTarget "selfcareUITests" */ = {
			isa = XCConfigurationList;
			buildConfigurations = (
				EC9CBACD2550F17800D8C4CF /* Debug */,
				EC9CBACE2550F17800D8C4CF /* Release */,
			);
			defaultConfigurationIsVisible = 0;
			defaultConfigurationName = Release;
		};
/* End XCConfigurationList section */
	};
	rootObject = EC9CBA942550F17700D8C4CF /* Project object */;
}
